// !$*UTF8*$!
{
	archiveVersion = 1;
	classes = {
	};
	objectVersion = 50;
	objects = {

/* Begin PBXBuildFile section */
		2A0F4AD52528A8ED00482976 /* AppDelegate.swift in Sources */ = {isa = PBXBuildFile; fileRef = 2A0F4AD42528A8ED00482976 /* AppDelegate.swift */; };
		2A0F4AD72528A8ED00482976 /* SceneDelegate.swift in Sources */ = {isa = PBXBuildFile; fileRef = 2A0F4AD62528A8ED00482976 /* SceneDelegate.swift */; };
		2A0F4AD92528A8ED00482976 /* ViewController.swift in Sources */ = {isa = PBXBuildFile; fileRef = 2A0F4AD82528A8ED00482976 /* ViewController.swift */; };
		2A0F4ADC2528A8ED00482976 /* Main.storyboard in Resources */ = {isa = PBXBuildFile; fileRef = 2A0F4ADA2528A8ED00482976 /* Main.storyboard */; };
		2A0F4ADE2528A8EE00482976 /* Assets.xcassets in Resources */ = {isa = PBXBuildFile; fileRef = 2A0F4ADD2528A8EE00482976 /* Assets.xcassets */; };
		2A0F4AE12528A8EE00482976 /* LaunchScreen.storyboard in Resources */ = {isa = PBXBuildFile; fileRef = 2A0F4ADF2528A8EE00482976 /* LaunchScreen.storyboard */; };
		2A0F4AEE2528A9C100482976 /* MessageViewController.swift in Sources */ = {isa = PBXBuildFile; fileRef = 2A0F4AED2528A9C100482976 /* MessageViewController.swift */; };
/* End PBXBuildFile section */

/* Begin PBXFileReference section */
		2A0F4AD12528A8ED00482976 /* ShowMe.app */ = {isa = PBXFileReference; explicitFileType = wrapper.application; includeInIndex = 0; path = ShowMe.app; sourceTree = BUILT_PRODUCTS_DIR; };
		2A0F4AD42528A8ED00482976 /* AppDelegate.swift */ = {isa = PBXFileReference; lastKnownFileType = sourcecode.swift; path = AppDelegate.swift; sourceTree = "<group>"; };
		2A0F4AD62528A8ED00482976 /* SceneDelegate.swift */ = {isa = PBXFileReference; lastKnownFileType = sourcecode.swift; path = SceneDelegate.swift; sourceTree = "<group>"; };
		2A0F4AD82528A8ED00482976 /* ViewController.swift */ = {isa = PBXFileReference; lastKnownFileType = sourcecode.swift; path = ViewController.swift; sourceTree = "<group>"; };
		2A0F4ADB2528A8ED00482976 /* Base */ = {isa = PBXFileReference; lastKnownFileType = file.storyboard; name = Base; path = Base.lproj/Main.storyboard; sourceTree = "<group>"; };
		2A0F4ADD2528A8EE00482976 /* Assets.xcassets */ = {isa = PBXFileReference; lastKnownFileType = folder.assetcatalog; path = Assets.xcassets; sourceTree = "<group>"; };
		2A0F4AE02528A8EE00482976 /* Base */ = {isa = PBXFileReference; lastKnownFileType = file.storyboard; name = Base; path = Base.lproj/LaunchScreen.storyboard; sourceTree = "<group>"; };
		2A0F4AE22528A8EE00482976 /* Info.plist */ = {isa = PBXFileReference; lastKnownFileType = text.plist.xml; path = Info.plist; sourceTree = "<group>"; };
		2A0F4AED2528A9C100482976 /* MessageViewController.swift */ = {isa = PBXFileReference; lastKnownFileType = sourcecode.swift; path = MessageViewController.swift; sourceTree = "<group>"; };
/* End PBXFileReference section */

/* Begin PBXFrameworksBuildPhase section */
		2A0F4ACE2528A8ED00482976 /* Frameworks */ = {
			isa = PBXFrameworksBuildPhase;
			buildActionMask = 2147483647;
			files = (
			);
			runOnlyForDeploymentPostprocessing = 0;
		};
/* End PBXFrameworksBuildPhase section */

/* Begin PBXGroup section */
		2A0F4AC82528A8ED00482976 = {
			isa = PBXGroup;
			children = (
				2A0F4AD32528A8ED00482976 /* ShowMe */,
				2A0F4AD22528A8ED00482976 /* Products */,
			);
			sourceTree = "<group>";
		};
		2A0F4AD22528A8ED00482976 /* Products */ = {
			isa = PBXGroup;
			children = (
				2A0F4AD12528A8ED00482976 /* ShowMe.app */,
			);
			name = Products;
			sourceTree = "<group>";
		};
		2A0F4AD32528A8ED00482976 /* ShowMe */ = {
			isa = PBXGroup;
			children = (
				2A0F4AEA2528A90E00482976 /* Supporting Files */,
				2A0F4AF02528EFEA00482976 /* Controllers */,
				2A0F4AF22528EFF700482976 /* Views */,
				2A0F4AE22528A8EE00482976 /* Info.plist */,
			);
			path = ShowMe;
			sourceTree = "<group>";
		};
		2A0F4AEA2528A90E00482976 /* Supporting Files */ = {
			isa = PBXGroup;
			children = (
				2A0F4ADF2528A8EE00482976 /* LaunchScreen.storyboard */,
				2A0F4AD42528A8ED00482976 /* AppDelegate.swift */,
				2A0F4AD62528A8ED00482976 /* SceneDelegate.swift */,
				2A0F4ADD2528A8EE00482976 /* Assets.xcassets */,
			);
			path = "Supporting Files";
			sourceTree = "<group>";
		};
		2A0F4AF02528EFEA00482976 /* Controllers */ = {
			isa = PBXGroup;
			children = (
				2A0F4AD82528A8ED00482976 /* ViewController.swift */,
				2A0F4AED2528A9C100482976 /* MessageViewController.swift */,
			);
			path = Controllers;
			sourceTree = "<group>";
		};
		2A0F4AF22528EFF700482976 /* Views */ = {
			isa = PBXGroup;
			children = (
				2A0F4ADA2528A8ED00482976 /* Main.storyboard */,
			);
			path = Views;
			sourceTree = "<group>";
		};
/* End PBXGroup section */

/* Begin PBXNativeTarget section */
		2A0F4AD02528A8ED00482976 /* ShowMe */ = {
			isa = PBXNativeTarget;
			buildConfigurationList = 2A0F4AE52528A8EE00482976 /* Build configuration list for PBXNativeTarget "ShowMe" */;
			buildPhases = (
				2A0F4ACD2528A8ED00482976 /* Sources */,
				2A0F4ACE2528A8ED00482976 /* Frameworks */,
				2A0F4ACF2528A8ED00482976 /* Resources */,
			);
			buildRules = (
			);
			dependencies = (
			);
			name = ShowMe;
			productName = ShowMe;
			productReference = 2A0F4AD12528A8ED00482976 /* ShowMe.app */;
			productType = "com.apple.product-type.application";
		};
/* End PBXNativeTarget section */

/* Begin PBXProject section */
		2A0F4AC92528A8ED00482976 /* Project object */ = {
			isa = PBXProject;
			attributes = {
				LastSwiftUpdateCheck = 1200;
				LastUpgradeCheck = 1200;
				TargetAttributes = {
					2A0F4AD02528A8ED00482976 = {
						CreatedOnToolsVersion = 12.0.1;
					};
				};
			};
			buildConfigurationList = 2A0F4ACC2528A8ED00482976 /* Build configuration list for PBXProject "ShowMe" */;
			compatibilityVersion = "Xcode 9.3";
			developmentRegion = en;
			hasScannedForEncodings = 0;
			knownRegions = (
				en,
				Base,
			);
			mainGroup = 2A0F4AC82528A8ED00482976;
			productRefGroup = 2A0F4AD22528A8ED00482976 /* Products */;
			projectDirPath = "";
			projectRoot = "";
			targets = (
				2A0F4AD02528A8ED00482976 /* ShowMe */,
			);
		};
/* End PBXProject section */

/* Begin PBXResourcesBuildPhase section */
		2A0F4ACF2528A8ED00482976 /* Resources */ = {
			isa = PBXResourcesBuildPhase;
			buildActionMask = 2147483647;
			files = (
				2A0F4AE12528A8EE00482976 /* LaunchScreen.storyboard in Resources */,
				2A0F4ADE2528A8EE00482976 /* Assets.xcassets in Resources */,
				2A0F4ADC2528A8ED00482976 /* Main.storyboard in Resources */,
			);
			runOnlyForDeploymentPostprocessing = 0;
		};
/* End PBXResourcesBuildPhase section */

/* Begin PBXSourcesBuildPhase section */
		2A0F4ACD2528A8ED00482976 /* Sources */ = {
			isa = PBXSourcesBuildPhase;
			buildActionMask = 2147483647;
			files = (
				2A0F4AD92528A8ED00482976 /* ViewController.swift in Sources */,
				2A0F4AD52528A8ED00482976 /* AppDelegate.swift in Sources */,
				2A0F4AEE2528A9C100482976 /* MessageViewController.swift in Sources */,
				2A0F4AD72528A8ED00482976 /* SceneDelegate.swift in Sources */,
			);
			runOnlyForDeploymentPostprocessing = 0;
		};
/* End PBXSourcesBuildPhase section */

/* Begin PBXVariantGroup section */
		2A0F4ADA2528A8ED00482976 /* Main.storyboard */ = {
			isa = PBXVariantGroup;
			children = (
				2A0F4ADB2528A8ED00482976 /* Base */,
			);
			name = Main.storyboard;
			sourceTree = "<group>";
		};
		2A0F4ADF2528A8EE00482976 /* LaunchScreen.storyboard */ = {
			isa = PBXVariantGroup;
			children = (
				2A0F4AE02528A8EE00482976 /* Base */,
			);
			name = LaunchScreen.storyboard;
			sourceTree = "<group>";
		};
/* End PBXVariantGroup section */

/* Begin XCBuildConfiguration section */
		2A0F4AE32528A8EE00482976 /* Debug */ = {
			isa = XCBuildConfiguration;
			buildSettings = {
				ALWAYS_SEARCH_USER_PATHS = NO;
				CLANG_ANALYZER_NONNULL = YES;
				CLANG_ANALYZER_NUMBER_OBJECT_CONVERSION = YES_AGGRESSIVE;
				CLANG_CXX_LANGUAGE_STANDARD = "gnu++14";
				CLANG_CXX_LIBRARY = "libc++";
				CLANG_ENABLE_MODULES = YES;
				CLANG_ENABLE_OBJC_ARC = YES;
				CLANG_ENABLE_OBJC_WEAK = YES;
				CLANG_WARN_BLOCK_CAPTURE_AUTORELEASING = YES;
				CLANG_WARN_BOOL_CONVERSION = YES;
				CLANG_WARN_COMMA = YES;
				CLANG_WARN_CONSTANT_CONVERSION = YES;
				CLANG_WARN_DEPRECATED_OBJC_IMPLEMENTATIONS = YES;
				CLANG_WARN_DIRECT_OBJC_ISA_USAGE = YES_ERROR;
				CLANG_WARN_DOCUMENTATION_COMMENTS = YES;
				CLANG_WARN_EMPTY_BODY = YES;
				CLANG_WARN_ENUM_CONVERSION = YES;
				CLANG_WARN_INFINITE_RECURSION = YES;
				CLANG_WARN_INT_CONVERSION = YES;
				CLANG_WARN_NON_LITERAL_NULL_CONVERSION = YES;
				CLANG_WARN_OBJC_IMPLICIT_RETAIN_SELF = YES;
				CLANG_WARN_OBJC_LITERAL_CONVERSION = YES;
				CLANG_WARN_OBJC_ROOT_CLASS = YES_ERROR;
				CLANG_WARN_QUOTED_INCLUDE_IN_FRAMEWORK_HEADER = YES;
				CLANG_WARN_RANGE_LOOP_ANALYSIS = YES;
				CLANG_WARN_STRICT_PROTOTYPES = YES;
				CLANG_WARN_SUSPICIOUS_MOVE = YES;
				CLANG_WARN_UNGUARDED_AVAILABILITY = YES_AGGRESSIVE;
				CLANG_WARN_UNREACHABLE_CODE = YES;
				CLANG_WARN__DUPLICATE_METHOD_MATCH = YES;
				COPY_PHASE_STRIP = NO;
				DEBUG_INFORMATION_FORMAT = dwarf;
				ENABLE_STRICT_OBJC_MSGSEND = YES;
				ENABLE_TESTABILITY = YES;
				GCC_C_LANGUAGE_STANDARD = gnu11;
				GCC_DYNAMIC_NO_PIC = NO;
				GCC_NO_COMMON_BLOCKS = YES;
				GCC_OPTIMIZATION_LEVEL = 0;
				GCC_PREPROCESSOR_DEFINITIONS = (
					"DEBUG=1",
					"$(inherited)",
				);
				GCC_WARN_64_TO_32_BIT_CONVERSION = YES;
				GCC_WARN_ABOUT_RETURN_TYPE = YES_ERROR;
				GCC_WARN_UNDECLARED_SELECTOR = YES;
				GCC_WARN_UNINITIALIZED_AUTOS = YES_AGGRESSIVE;
				GCC_WARN_UNUSED_FUNCTION = YES;
				GCC_WARN_UNUSED_VARIABLE = YES;
				IPHONEOS_DEPLOYMENT_TARGET = 14.0;
				MTL_ENABLE_DEBUG_INFO = INCLUDE_SOURCE;
				MTL_FAST_MATH = YES;
				ONLY_ACTIVE_ARCH = YES;
				SDKROOT = iphoneos;
				SWIFT_ACTIVE_COMPILATION_CONDITIONS = DEBUG;
				SWIFT_OPTIMIZATION_LEVEL = "-Onone";
			};
			name = Debug;
		};
		2A0F4AE42528A8EE00482976 /* Release */ = {
			isa = XCBuildConfiguration;
			buildSettings = {
				ALWAYS_SEARCH_USER_PATHS = NO;
				CLANG_ANALYZER_NONNULL = YES;
				CLANG_ANALYZER_NUMBER_OBJECT_CONVERSION = YES_AGGRESSIVE;
				CLANG_CXX_LANGUAGE_STANDARD = "gnu++14";
				CLANG_CXX_LIBRARY = "libc++";
				CLANG_ENABLE_MODULES = YES;
				CLANG_ENABLE_OBJC_ARC = YES;
				CLANG_ENABLE_OBJC_WEAK = YES;
				CLANG_WARN_BLOCK_CAPTURE_AUTORELEASING = YES;
				CLANG_WARN_BOOL_CONVERSION = YES;
				CLANG_WARN_COMMA = YES;
				CLANG_WARN_CONSTANT_CONVERSION = YES;
				CLANG_WARN_DEPRECATED_OBJC_IMPLEMENTATIONS = YES;
				CLANG_WARN_DIRECT_OBJC_ISA_USAGE = YES_ERROR;
				CLANG_WARN_DOCUMENTATION_COMMENTS = YES;
				CLANG_WARN_EMPTY_BODY = YES;
				CLANG_WARN_ENUM_CONVERSION = YES;
				CLANG_WARN_INFINITE_RECURSION = YES;
				CLANG_WARN_INT_CONVERSION = YES;
				CLANG_WARN_NON_LITERAL_NULL_CONVERSION = YES;
				CLANG_WARN_OBJC_IMPLICIT_RETAIN_SELF = YES;
				CLANG_WARN_OBJC_LITERAL_CONVERSION = YES;
				CLANG_WARN_OBJC_ROOT_CLASS = YES_ERROR;
				CLANG_WARN_QUOTED_INCLUDE_IN_FRAMEWORK_HEADER = YES;
				CLANG_WARN_RANGE_LOOP_ANALYSIS = YES;
				CLANG_WARN_STRICT_PROTOTYPES = YES;
				CLANG_WARN_SUSPICIOUS_MOVE = YES;
				CLANG_WARN_UNGUARDED_AVAILABILITY = YES_AGGRESSIVE;
				CLANG_WARN_UNREACHABLE_CODE = YES;
				CLANG_WARN__DUPLICATE_METHOD_MATCH = YES;
				COPY_PHASE_STRIP = NO;
				DEBUG_INFORMATION_FORMAT = "dwarf-with-dsym";
				ENABLE_NS_ASSERTIONS = NO;
				ENABLE_STRICT_OBJC_MSGSEND = YES;
				GCC_C_LANGUAGE_STANDARD = gnu11;
				GCC_NO_COMMON_BLOCKS = YES;
				GCC_WARN_64_TO_32_BIT_CONVERSION = YES;
				GCC_WARN_ABOUT_RETURN_TYPE = YES_ERROR;
				GCC_WARN_UNDECLARED_SELECTOR = YES;
				GCC_WARN_UNINITIALIZED_AUTOS = YES_AGGRESSIVE;
				GCC_WARN_UNUSED_FUNCTION = YES;
				GCC_WARN_UNUSED_VARIABLE = YES;
				IPHONEOS_DEPLOYMENT_TARGET = 14.0;
				MTL_ENABLE_DEBUG_INFO = NO;
				MTL_FAST_MATH = YES;
				SDKROOT = iphoneos;
				SWIFT_COMPILATION_MODE = wholemodule;
				SWIFT_OPTIMIZATION_LEVEL = "-O";
				VALIDATE_PRODUCT = YES;
			};
			name = Release;
		};
		2A0F4AE62528A8EE00482976 /* Debug */ = {
			isa = XCBuildConfiguration;
			buildSettings = {
				ASSETCATALOG_COMPILER_APPICON_NAME = AppIcon;
				ASSETCATALOG_COMPILER_GLOBAL_ACCENT_COLOR_NAME = AccentColor;
				CODE_SIGN_STYLE = Automatic;
				DEVELOPMENT_TEAM = SXY5F8F32W;
				INFOPLIST_FILE = ShowMe/Info.plist;
				LD_RUNPATH_SEARCH_PATHS = (
					"$(inherited)",
					"@executable_path/Frameworks",
				);
				PRODUCT_BUNDLE_IDENTIFIER = com.burstein.ShowMe;
				PRODUCT_NAME = "$(TARGET_NAME)";
				SWIFT_VERSION = 5.0;
				TARGETED_DEVICE_FAMILY = "1,2";
			};
			name = Debug;
		};
		2A0F4AE72528A8EE00482976 /* Release */ = {
			isa = XCBuildConfiguration;
			buildSettings = {
				ASSETCATALOG_COMPILER_APPICON_NAME = AppIcon;
				ASSETCATALOG_COMPILER_GLOBAL_ACCENT_COLOR_NAME = AccentColor;
				CODE_SIGN_STYLE = Automatic;
				DEVELOPMENT_TEAM = SXY5F8F32W;
				INFOPLIST_FILE = ShowMe/Info.plist;
				LD_RUNPATH_SEARCH_PATHS = (
					"$(inherited)",
					"@executable_path/Frameworks",
				);
				PRODUCT_BUNDLE_IDENTIFIER = com.burstein.ShowMe;
				PRODUCT_NAME = "$(TARGET_NAME)";
				SWIFT_VERSION = 5.0;
				TARGETED_DEVICE_FAMILY = "1,2";
			};
			name = Release;
		};
/* End XCBuildConfiguration section */

/* Begin XCConfigurationList section */
		2A0F4ACC2528A8ED00482976 /* Build configuration list for PBXProject "ShowMe" */ = {
			isa = XCConfigurationList;
			buildConfigurations = (
				2A0F4AE32528A8EE00482976 /* Debug */,
				2A0F4AE42528A8EE00482976 /* Release */,
			);
			defaultConfigurationIsVisible = 0;
			defaultConfigurationName = Release;
		};
		2A0F4AE52528A8EE00482976 /* Build configuration list for PBXNativeTarget "ShowMe" */ = {
			isa = XCConfigurationList;
			buildConfigurations = (
				2A0F4AE62528A8EE00482976 /* Debug */,
				2A0F4AE72528A8EE00482976 /* Release */,
			);
			defaultConfigurationIsVisible = 0;
			defaultConfigurationName = Release;
		};
/* End XCConfigurationList section */
	};
	rootObject = 2A0F4AC92528A8ED00482976 /* Project object */;
}
