// !$*UTF8*$!
{
	archiveVersion = 1;
	classes = {
	};
	objectVersion = 50;
	objects = {

/* Begin PBXBuildFile section */
		2A9ED4DC25C7405D001536EE /* AppDelegate.swift in Sources */ = {isa = PBXBuildFile; fileRef = 2A9ED4DB25C7405D001536EE /* AppDelegate.swift */; };
		2A9ED4DE25C7405D001536EE /* SceneDelegate.swift in Sources */ = {isa = PBXBuildFile; fileRef = 2A9ED4DD25C7405D001536EE /* SceneDelegate.swift */; };
		2A9ED4E025C7405D001536EE /* TripViewController.swift in Sources */ = {isa = PBXBuildFile; fileRef = 2A9ED4DF25C7405D001536EE /* TripViewController.swift */; };
		2A9ED4E325C7405E001536EE /* Main.storyboard in Resources */ = {isa = PBXBuildFile; fileRef = 2A9ED4E125C7405E001536EE /* Main.storyboard */; };
		2A9ED4E525C7405E001536EE /* Assets.xcassets in Resources */ = {isa = PBXBuildFile; fileRef = 2A9ED4E425C7405E001536EE /* Assets.xcassets */; };
		2A9ED4E825C7405E001536EE /* LaunchScreen.storyboard in Resources */ = {isa = PBXBuildFile; fileRef = 2A9ED4E625C7405E001536EE /* LaunchScreen.storyboard */; };
		2AE06D1325C74621003CBD30 /* TripCollectionViewCell.swift in Sources */ = {isa = PBXBuildFile; fileRef = 2AE06D1225C74621003CBD30 /* TripCollectionViewCell.swift */; };
		2AE06D1725C746D7003CBD30 /* Trip.swift in Sources */ = {isa = PBXBuildFile; fileRef = 2AE06D1625C746D7003CBD30 /* Trip.swift */; };
/* End PBXBuildFile section */

/* Begin PBXFileReference section */
		2A9ED4D825C7405D001536EE /* TripCard.app */ = {isa = PBXFileReference; explicitFileType = wrapper.application; includeInIndex = 0; path = TripCard.app; sourceTree = BUILT_PRODUCTS_DIR; };
		2A9ED4DB25C7405D001536EE /* AppDelegate.swift */ = {isa = PBXFileReference; lastKnownFileType = sourcecode.swift; path = AppDelegate.swift; sourceTree = "<group>"; };
		2A9ED4DD25C7405D001536EE /* SceneDelegate.swift */ = {isa = PBXFileReference; lastKnownFileType = sourcecode.swift; path = SceneDelegate.swift; sourceTree = "<group>"; };
		2A9ED4DF25C7405D001536EE /* TripViewController.swift */ = {isa = PBXFileReference; lastKnownFileType = sourcecode.swift; path = TripViewController.swift; sourceTree = "<group>"; };
		2A9ED4E225C7405E001536EE /* Base */ = {isa = PBXFileReference; lastKnownFileType = file.storyboard; name = Base; path = Base.lproj/Main.storyboard; sourceTree = "<group>"; };
		2A9ED4E425C7405E001536EE /* Assets.xcassets */ = {isa = PBXFileReference; lastKnownFileType = folder.assetcatalog; path = Assets.xcassets; sourceTree = "<group>"; };
		2A9ED4E725C7405E001536EE /* Base */ = {isa = PBXFileReference; lastKnownFileType = file.storyboard; name = Base; path = Base.lproj/LaunchScreen.storyboard; sourceTree = "<group>"; };
		2A9ED4E925C7405E001536EE /* Info.plist */ = {isa = PBXFileReference; lastKnownFileType = text.plist.xml; path = Info.plist; sourceTree = "<group>"; };
		2AE06D1225C74621003CBD30 /* TripCollectionViewCell.swift */ = {isa = PBXFileReference; lastKnownFileType = sourcecode.swift; path = TripCollectionViewCell.swift; sourceTree = "<group>"; };
		2AE06D1625C746D7003CBD30 /* Trip.swift */ = {isa = PBXFileReference; lastKnownFileType = sourcecode.swift; path = Trip.swift; sourceTree = "<group>"; };
/* End PBXFileReference section */

/* Begin PBXFrameworksBuildPhase section */
		2A9ED4D525C7405D001536EE /* Frameworks */ = {
			isa = PBXFrameworksBuildPhase;
			buildActionMask = 2147483647;
			files = (
			);
			runOnlyForDeploymentPostprocessing = 0;
		};
/* End PBXFrameworksBuildPhase section */

/* Begin PBXGroup section */
		2A9ED4CF25C7405D001536EE = {
			isa = PBXGroup;
			children = (
				2A9ED4DA25C7405D001536EE /* TripCard */,
				2A9ED4D925C7405D001536EE /* Products */,
			);
			sourceTree = "<group>";
		};
		2A9ED4D925C7405D001536EE /* Products */ = {
			isa = PBXGroup;
			children = (
				2A9ED4D825C7405D001536EE /* TripCard.app */,
			);
			name = Products;
			sourceTree = "<group>";
		};
		2A9ED4DA25C7405D001536EE /* TripCard */ = {
			isa = PBXGroup;
			children = (
				2AE06D1525C746CC003CBD30 /* Models */,
				2A9ED4F025C74067001536EE /* SupportingFiles */,
				2A9ED4F325C74077001536EE /* Controllers */,
				2A9ED4F525C7407E001536EE /* Views */,
				2A9ED4E925C7405E001536EE /* Info.plist */,
			);
			path = TripCard;
			sourceTree = "<group>";
		};
		2A9ED4F025C74067001536EE /* SupportingFiles */ = {
			isa = PBXGroup;
			children = (
				2A9ED4DB25C7405D001536EE /* AppDelegate.swift */,
				2A9ED4DD25C7405D001536EE /* SceneDelegate.swift */,
				2A9ED4E425C7405E001536EE /* Assets.xcassets */,
			);
			path = SupportingFiles;
			sourceTree = "<group>";
		};
		2A9ED4F325C74077001536EE /* Controllers */ = {
			isa = PBXGroup;
			children = (
				2A9ED4DF25C7405D001536EE /* TripViewController.swift */,
				2AE06D1225C74621003CBD30 /* TripCollectionViewCell.swift */,
			);
			path = Controllers;
			sourceTree = "<group>";
		};
		2A9ED4F525C7407E001536EE /* Views */ = {
			isa = PBXGroup;
			children = (
				2A9ED4E125C7405E001536EE /* Main.storyboard */,
				2A9ED4E625C7405E001536EE /* LaunchScreen.storyboard */,
			);
			path = Views;
			sourceTree = "<group>";
		};
		2AE06D1525C746CC003CBD30 /* Models */ = {
			isa = PBXGroup;
			children = (
				2AE06D1625C746D7003CBD30 /* Trip.swift */,
			);
			path = Models;
			sourceTree = "<group>";
		};
/* End PBXGroup section */

/* Begin PBXNativeTarget section */
		2A9ED4D725C7405D001536EE /* TripCard */ = {
			isa = PBXNativeTarget;
			buildConfigurationList = 2A9ED4EC25C7405E001536EE /* Build configuration list for PBXNativeTarget "TripCard" */;
			buildPhases = (
				2A9ED4D425C7405D001536EE /* Sources */,
				2A9ED4D525C7405D001536EE /* Frameworks */,
				2A9ED4D625C7405D001536EE /* Resources */,
			);
			buildRules = (
			);
			dependencies = (
			);
			name = TripCard;
			productName = TripCard;
			productReference = 2A9ED4D825C7405D001536EE /* TripCard.app */;
			productType = "com.apple.product-type.application";
		};
/* End PBXNativeTarget section */

/* Begin PBXProject section */
		2A9ED4D025C7405D001536EE /* Project object */ = {
			isa = PBXProject;
			attributes = {
				LastSwiftUpdateCheck = 1240;
				LastUpgradeCheck = 1240;
				TargetAttributes = {
					2A9ED4D725C7405D001536EE = {
						CreatedOnToolsVersion = 12.4;
					};
				};
			};
			buildConfigurationList = 2A9ED4D325C7405D001536EE /* Build configuration list for PBXProject "TripCard" */;
			compatibilityVersion = "Xcode 9.3";
			developmentRegion = en;
			hasScannedForEncodings = 0;
			knownRegions = (
				en,
				Base,
			);
			mainGroup = 2A9ED4CF25C7405D001536EE;
			productRefGroup = 2A9ED4D925C7405D001536EE /* Products */;
			projectDirPath = "";
			projectRoot = "";
			targets = (
				2A9ED4D725C7405D001536EE /* TripCard */,
			);
		};
/* End PBXProject section */

/* Begin PBXResourcesBuildPhase section */
		2A9ED4D625C7405D001536EE /* Resources */ = {
			isa = PBXResourcesBuildPhase;
			buildActionMask = 2147483647;
			files = (
				2A9ED4E825C7405E001536EE /* LaunchScreen.storyboard in Resources */,
				2A9ED4E525C7405E001536EE /* Assets.xcassets in Resources */,
				2A9ED4E325C7405E001536EE /* Main.storyboard in Resources */,
			);
			runOnlyForDeploymentPostprocessing = 0;
		};
/* End PBXResourcesBuildPhase section */

/* Begin PBXSourcesBuildPhase section */
		2A9ED4D425C7405D001536EE /* Sources */ = {
			isa = PBXSourcesBuildPhase;
			buildActionMask = 2147483647;
			files = (
				2AE06D1725C746D7003CBD30 /* Trip.swift in Sources */,
				2A9ED4E025C7405D001536EE /* TripViewController.swift in Sources */,
				2AE06D1325C74621003CBD30 /* TripCollectionViewCell.swift in Sources */,
				2A9ED4DC25C7405D001536EE /* AppDelegate.swift in Sources */,
				2A9ED4DE25C7405D001536EE /* SceneDelegate.swift in Sources */,
			);
			runOnlyForDeploymentPostprocessing = 0;
		};
/* End PBXSourcesBuildPhase section */

/* Begin PBXVariantGroup section */
		2A9ED4E125C7405E001536EE /* Main.storyboard */ = {
			isa = PBXVariantGroup;
			children = (
				2A9ED4E225C7405E001536EE /* Base */,
			);
			name = Main.storyboard;
			sourceTree = "<group>";
		};
		2A9ED4E625C7405E001536EE /* LaunchScreen.storyboard */ = {
			isa = PBXVariantGroup;
			children = (
				2A9ED4E725C7405E001536EE /* Base */,
			);
			name = LaunchScreen.storyboard;
			sourceTree = "<group>";
		};
/* End PBXVariantGroup section */

/* Begin XCBuildConfiguration section */
		2A9ED4EA25C7405E001536EE /* Debug */ = {
			isa = XCBuildConfiguration;
			buildSettings = {
				ALWAYS_SEARCH_USER_PATHS = NO;
				CLANG_ANALYZER_NONNULL = YES;
				CLANG_ANALYZER_NUMBER_OBJECT_CONVERSION = YES_AGGRESSIVE;
				CLANG_CXX_LANGUAGE_STANDARD = "gnu++14";
				CLANG_CXX_LIBRARY = "libc++";
				CLANG_ENABLE_MODULES = YES;
				CLANG_ENABLE_OBJC_ARC = YES;
				CLANG_ENABLE_OBJC_WEAK = YES;
				CLANG_WARN_BLOCK_CAPTURE_AUTORELEASING = YES;
				CLANG_WARN_BOOL_CONVERSION = YES;
				CLANG_WARN_COMMA = YES;
				CLANG_WARN_CONSTANT_CONVERSION = YES;
				CLANG_WARN_DEPRECATED_OBJC_IMPLEMENTATIONS = YES;
				CLANG_WARN_DIRECT_OBJC_ISA_USAGE = YES_ERROR;
				CLANG_WARN_DOCUMENTATION_COMMENTS = YES;
				CLANG_WARN_EMPTY_BODY = YES;
				CLANG_WARN_ENUM_CONVERSION = YES;
				CLANG_WARN_INFINITE_RECURSION = YES;
				CLANG_WARN_INT_CONVERSION = YES;
				CLANG_WARN_NON_LITERAL_NULL_CONVERSION = YES;
				CLANG_WARN_OBJC_IMPLICIT_RETAIN_SELF = YES;
				CLANG_WARN_OBJC_LITERAL_CONVERSION = YES;
				CLANG_WARN_OBJC_ROOT_CLASS = YES_ERROR;
				CLANG_WARN_QUOTED_INCLUDE_IN_FRAMEWORK_HEADER = YES;
				CLANG_WARN_RANGE_LOOP_ANALYSIS = YES;
				CLANG_WARN_STRICT_PROTOTYPES = YES;
				CLANG_WARN_SUSPICIOUS_MOVE = YES;
				CLANG_WARN_UNGUARDED_AVAILABILITY = YES_AGGRESSIVE;
				CLANG_WARN_UNREACHABLE_CODE = YES;
				CLANG_WARN__DUPLICATE_METHOD_MATCH = YES;
				COPY_PHASE_STRIP = NO;
				DEBUG_INFORMATION_FORMAT = dwarf;
				ENABLE_STRICT_OBJC_MSGSEND = YES;
				ENABLE_TESTABILITY = YES;
				GCC_C_LANGUAGE_STANDARD = gnu11;
				GCC_DYNAMIC_NO_PIC = NO;
				GCC_NO_COMMON_BLOCKS = YES;
				GCC_OPTIMIZATION_LEVEL = 0;
				GCC_PREPROCESSOR_DEFINITIONS = (
					"DEBUG=1",
					"$(inherited)",
				);
				GCC_WARN_64_TO_32_BIT_CONVERSION = YES;
				GCC_WARN_ABOUT_RETURN_TYPE = YES_ERROR;
				GCC_WARN_UNDECLARED_SELECTOR = YES;
				GCC_WARN_UNINITIALIZED_AUTOS = YES_AGGRESSIVE;
				GCC_WARN_UNUSED_FUNCTION = YES;
				GCC_WARN_UNUSED_VARIABLE = YES;
				IPHONEOS_DEPLOYMENT_TARGET = 14.4;
				MTL_ENABLE_DEBUG_INFO = INCLUDE_SOURCE;
				MTL_FAST_MATH = YES;
				ONLY_ACTIVE_ARCH = YES;
				SDKROOT = iphoneos;
				SWIFT_ACTIVE_COMPILATION_CONDITIONS = DEBUG;
				SWIFT_OPTIMIZATION_LEVEL = "-Onone";
			};
			name = Debug;
		};
		2A9ED4EB25C7405E001536EE /* Release */ = {
			isa = XCBuildConfiguration;
			buildSettings = {
				ALWAYS_SEARCH_USER_PATHS = NO;
				CLANG_ANALYZER_NONNULL = YES;
				CLANG_ANALYZER_NUMBER_OBJECT_CONVERSION = YES_AGGRESSIVE;
				CLANG_CXX_LANGUAGE_STANDARD = "gnu++14";
				CLANG_CXX_LIBRARY = "libc++";
				CLANG_ENABLE_MODULES = YES;
				CLANG_ENABLE_OBJC_ARC = YES;
				CLANG_ENABLE_OBJC_WEAK = YES;
				CLANG_WARN_BLOCK_CAPTURE_AUTORELEASING = YES;
				CLANG_WARN_BOOL_CONVERSION = YES;
				CLANG_WARN_COMMA = YES;
				CLANG_WARN_CONSTANT_CONVERSION = YES;
				CLANG_WARN_DEPRECATED_OBJC_IMPLEMENTATIONS = YES;
				CLANG_WARN_DIRECT_OBJC_ISA_USAGE = YES_ERROR;
				CLANG_WARN_DOCUMENTATION_COMMENTS = YES;
				CLANG_WARN_EMPTY_BODY = YES;
				CLANG_WARN_ENUM_CONVERSION = YES;
				CLANG_WARN_INFINITE_RECURSION = YES;
				CLANG_WARN_INT_CONVERSION = YES;
				CLANG_WARN_NON_LITERAL_NULL_CONVERSION = YES;
				CLANG_WARN_OBJC_IMPLICIT_RETAIN_SELF = YES;
				CLANG_WARN_OBJC_LITERAL_CONVERSION = YES;
				CLANG_WARN_OBJC_ROOT_CLASS = YES_ERROR;
				CLANG_WARN_QUOTED_INCLUDE_IN_FRAMEWORK_HEADER = YES;
				CLANG_WARN_RANGE_LOOP_ANALYSIS = YES;
				CLANG_WARN_STRICT_PROTOTYPES = YES;
				CLANG_WARN_SUSPICIOUS_MOVE = YES;
				CLANG_WARN_UNGUARDED_AVAILABILITY = YES_AGGRESSIVE;
				CLANG_WARN_UNREACHABLE_CODE = YES;
				CLANG_WARN__DUPLICATE_METHOD_MATCH = YES;
				COPY_PHASE_STRIP = NO;
				DEBUG_INFORMATION_FORMAT = "dwarf-with-dsym";
				ENABLE_NS_ASSERTIONS = NO;
				ENABLE_STRICT_OBJC_MSGSEND = YES;
				GCC_C_LANGUAGE_STANDARD = gnu11;
				GCC_NO_COMMON_BLOCKS = YES;
				GCC_WARN_64_TO_32_BIT_CONVERSION = YES;
				GCC_WARN_ABOUT_RETURN_TYPE = YES_ERROR;
				GCC_WARN_UNDECLARED_SELECTOR = YES;
				GCC_WARN_UNINITIALIZED_AUTOS = YES_AGGRESSIVE;
				GCC_WARN_UNUSED_FUNCTION = YES;
				GCC_WARN_UNUSED_VARIABLE = YES;
				IPHONEOS_DEPLOYMENT_TARGET = 14.4;
				MTL_ENABLE_DEBUG_INFO = NO;
				MTL_FAST_MATH = YES;
				SDKROOT = iphoneos;
				SWIFT_COMPILATION_MODE = wholemodule;
				SWIFT_OPTIMIZATION_LEVEL = "-O";
				VALIDATE_PRODUCT = YES;
			};
			name = Release;
		};
		2A9ED4ED25C7405E001536EE /* Debug */ = {
			isa = XCBuildConfiguration;
			buildSettings = {
				ASSETCATALOG_COMPILER_APPICON_NAME = AppIcon;
				ASSETCATALOG_COMPILER_GLOBAL_ACCENT_COLOR_NAME = AccentColor;
				CODE_SIGN_STYLE = Automatic;
				DEVELOPMENT_TEAM = SXY5F8F32W;
				INFOPLIST_FILE = TripCard/Info.plist;
				LD_RUNPATH_SEARCH_PATHS = (
					"$(inherited)",
					"@executable_path/Frameworks",
				);
				PRODUCT_BUNDLE_IDENTIFIER = com.burstein.TripCard;
				PRODUCT_NAME = "$(TARGET_NAME)";
				SWIFT_VERSION = 5.0;
				TARGETED_DEVICE_FAMILY = "1,2";
			};
			name = Debug;
		};
		2A9ED4EE25C7405E001536EE /* Release */ = {
			isa = XCBuildConfiguration;
			buildSettings = {
				ASSETCATALOG_COMPILER_APPICON_NAME = AppIcon;
				ASSETCATALOG_COMPILER_GLOBAL_ACCENT_COLOR_NAME = AccentColor;
				CODE_SIGN_STYLE = Automatic;
				DEVELOPMENT_TEAM = SXY5F8F32W;
				INFOPLIST_FILE = TripCard/Info.plist;
				LD_RUNPATH_SEARCH_PATHS = (
					"$(inherited)",
					"@executable_path/Frameworks",
				);
				PRODUCT_BUNDLE_IDENTIFIER = com.burstein.TripCard;
				PRODUCT_NAME = "$(TARGET_NAME)";
				SWIFT_VERSION = 5.0;
				TARGETED_DEVICE_FAMILY = "1,2";
			};
			name = Release;
		};
/* End XCBuildConfiguration section */

/* Begin XCConfigurationList section */
		2A9ED4D325C7405D001536EE /* Build configuration list for PBXProject "TripCard" */ = {
			isa = XCConfigurationList;
			buildConfigurations = (
				2A9ED4EA25C7405E001536EE /* Debug */,
				2A9ED4EB25C7405E001536EE /* Release */,
			);
			defaultConfigurationIsVisible = 0;
			defaultConfigurationName = Release;
		};
		2A9ED4EC25C7405E001536EE /* Build configuration list for PBXNativeTarget "TripCard" */ = {
			isa = XCConfigurationList;
			buildConfigurations = (
				2A9ED4ED25C7405E001536EE /* Debug */,
				2A9ED4EE25C7405E001536EE /* Release */,
			);
			defaultConfigurationIsVisible = 0;
			defaultConfigurationName = Release;
		};
/* End XCConfigurationList section */
	};
	rootObject = 2A9ED4D025C7405D001536EE /* Project object */;
}
