// !$*UTF8*$!
{
	archiveVersion = 1;
	classes = {
	};
	objectVersion = 50;
	objects = {

/* Begin PBXBuildFile section */
		2A87A6EF25731AC10082A897 /* AppDelegate.swift in Sources */ = {isa = PBXBuildFile; fileRef = 2A87A6EE25731AC10082A897 /* AppDelegate.swift */; };
		2A87A6F125731AC10082A897 /* SceneDelegate.swift in Sources */ = {isa = PBXBuildFile; fileRef = 2A87A6F025731AC10082A897 /* SceneDelegate.swift */; };
		2A87A6F625731AC10082A897 /* Main.storyboard in Resources */ = {isa = PBXBuildFile; fileRef = 2A87A6F425731AC10082A897 /* Main.storyboard */; };
		2A87A6F825731AC30082A897 /* Assets.xcassets in Resources */ = {isa = PBXBuildFile; fileRef = 2A87A6F725731AC30082A897 /* Assets.xcassets */; };
		2A87A6FB25731AC30082A897 /* LaunchScreen.storyboard in Resources */ = {isa = PBXBuildFile; fileRef = 2A87A6F925731AC30082A897 /* LaunchScreen.storyboard */; };
		2A87A709257324270082A897 /* TweetViewController.swift in Sources */ = {isa = PBXBuildFile; fileRef = 2A87A708257324270082A897 /* TweetViewController.swift */; };
		2A87A70D257324760082A897 /* ComposeViewController.swift in Sources */ = {isa = PBXBuildFile; fileRef = 2A87A70C257324760082A897 /* ComposeViewController.swift */; };
		2A87A7102573253F0082A897 /* AccountsViewController.swift in Sources */ = {isa = PBXBuildFile; fileRef = 2A87A70F2573253F0082A897 /* AccountsViewController.swift */; };
		2A87A7142573254F0082A897 /* FeedViewController.swift in Sources */ = {isa = PBXBuildFile; fileRef = 2A87A7132573254F0082A897 /* FeedViewController.swift */; };
/* End PBXBuildFile section */

/* Begin PBXFileReference section */
		2A87A6EB25731AC10082A897 /* SocialApp.app */ = {isa = PBXFileReference; explicitFileType = wrapper.application; includeInIndex = 0; path = SocialApp.app; sourceTree = BUILT_PRODUCTS_DIR; };
		2A87A6EE25731AC10082A897 /* AppDelegate.swift */ = {isa = PBXFileReference; lastKnownFileType = sourcecode.swift; path = AppDelegate.swift; sourceTree = "<group>"; };
		2A87A6F025731AC10082A897 /* SceneDelegate.swift */ = {isa = PBXFileReference; lastKnownFileType = sourcecode.swift; path = SceneDelegate.swift; sourceTree = "<group>"; };
		2A87A6F525731AC10082A897 /* Base */ = {isa = PBXFileReference; lastKnownFileType = file.storyboard; name = Base; path = Base.lproj/Main.storyboard; sourceTree = "<group>"; };
		2A87A6F725731AC30082A897 /* Assets.xcassets */ = {isa = PBXFileReference; lastKnownFileType = folder.assetcatalog; path = Assets.xcassets; sourceTree = "<group>"; };
		2A87A6FA25731AC30082A897 /* Base */ = {isa = PBXFileReference; lastKnownFileType = file.storyboard; name = Base; path = Base.lproj/LaunchScreen.storyboard; sourceTree = "<group>"; };
		2A87A6FC25731AC30082A897 /* Info.plist */ = {isa = PBXFileReference; lastKnownFileType = text.plist.xml; path = Info.plist; sourceTree = "<group>"; };
		2A87A708257324270082A897 /* TweetViewController.swift */ = {isa = PBXFileReference; lastKnownFileType = sourcecode.swift; path = TweetViewController.swift; sourceTree = "<group>"; };
		2A87A70C257324760082A897 /* ComposeViewController.swift */ = {isa = PBXFileReference; lastKnownFileType = sourcecode.swift; path = ComposeViewController.swift; sourceTree = "<group>"; };
		2A87A70F2573253F0082A897 /* AccountsViewController.swift */ = {isa = PBXFileReference; lastKnownFileType = sourcecode.swift; path = AccountsViewController.swift; sourceTree = "<group>"; };
		2A87A7132573254F0082A897 /* FeedViewController.swift */ = {isa = PBXFileReference; lastKnownFileType = sourcecode.swift; path = FeedViewController.swift; sourceTree = "<group>"; };
/* End PBXFileReference section */

/* Begin PBXFrameworksBuildPhase section */
		2A87A6E825731AC10082A897 /* Frameworks */ = {
			isa = PBXFrameworksBuildPhase;
			buildActionMask = 2147483647;
			files = (
			);
			runOnlyForDeploymentPostprocessing = 0;
		};
/* End PBXFrameworksBuildPhase section */

/* Begin PBXGroup section */
		2A2C1F782574252900967F31 /* Views */ = {
			isa = PBXGroup;
			children = (
				2A87A6F925731AC30082A897 /* LaunchScreen.storyboard */,
				2A87A6F425731AC10082A897 /* Main.storyboard */,
			);
			path = Views;
			sourceTree = "<group>";
		};
		2A87A6E225731AC10082A897 = {
			isa = PBXGroup;
			children = (
				2A87A6ED25731AC10082A897 /* SocialApp */,
				2A87A6EC25731AC10082A897 /* Products */,
			);
			sourceTree = "<group>";
		};
		2A87A6EC25731AC10082A897 /* Products */ = {
			isa = PBXGroup;
			children = (
				2A87A6EB25731AC10082A897 /* SocialApp.app */,
			);
			name = Products;
			sourceTree = "<group>";
		};
		2A87A6ED25731AC10082A897 /* SocialApp */ = {
			isa = PBXGroup;
			children = (
				2A2C1F782574252900967F31 /* Views */,
				2A87A707257324030082A897 /* Supporting Files */,
				2A87A703257321A00082A897 /* Controllers */,
				2A87A6FC25731AC30082A897 /* Info.plist */,
			);
			path = SocialApp;
			sourceTree = "<group>";
		};
		2A87A703257321A00082A897 /* Controllers */ = {
			isa = PBXGroup;
			children = (
				2A87A708257324270082A897 /* TweetViewController.swift */,
				2A87A70C257324760082A897 /* ComposeViewController.swift */,
				2A87A70F2573253F0082A897 /* AccountsViewController.swift */,
				2A87A7132573254F0082A897 /* FeedViewController.swift */,
			);
			path = Controllers;
			sourceTree = "<group>";
		};
		2A87A707257324030082A897 /* Supporting Files */ = {
			isa = PBXGroup;
			children = (
				2A87A6F725731AC30082A897 /* Assets.xcassets */,
				2A87A6F025731AC10082A897 /* SceneDelegate.swift */,
				2A87A6EE25731AC10082A897 /* AppDelegate.swift */,
			);
			path = "Supporting Files";
			sourceTree = "<group>";
		};
/* End PBXGroup section */

/* Begin PBXNativeTarget section */
		2A87A6EA25731AC10082A897 /* SocialApp */ = {
			isa = PBXNativeTarget;
			buildConfigurationList = 2A87A6FF25731AC30082A897 /* Build configuration list for PBXNativeTarget "SocialApp" */;
			buildPhases = (
				2A87A6E725731AC10082A897 /* Sources */,
				2A87A6E825731AC10082A897 /* Frameworks */,
				2A87A6E925731AC10082A897 /* Resources */,
			);
			buildRules = (
			);
			dependencies = (
			);
			name = SocialApp;
			productName = SocialApp;
			productReference = 2A87A6EB25731AC10082A897 /* SocialApp.app */;
			productType = "com.apple.product-type.application";
		};
/* End PBXNativeTarget section */

/* Begin PBXProject section */
		2A87A6E325731AC10082A897 /* Project object */ = {
			isa = PBXProject;
			attributes = {
				LastSwiftUpdateCheck = 1220;
				LastUpgradeCheck = 1220;
				TargetAttributes = {
					2A87A6EA25731AC10082A897 = {
						CreatedOnToolsVersion = 12.2;
					};
				};
			};
			buildConfigurationList = 2A87A6E625731AC10082A897 /* Build configuration list for PBXProject "SocialApp" */;
			compatibilityVersion = "Xcode 9.3";
			developmentRegion = en;
			hasScannedForEncodings = 0;
			knownRegions = (
				en,
				Base,
			);
			mainGroup = 2A87A6E225731AC10082A897;
			productRefGroup = 2A87A6EC25731AC10082A897 /* Products */;
			projectDirPath = "";
			projectRoot = "";
			targets = (
				2A87A6EA25731AC10082A897 /* SocialApp */,
			);
		};
/* End PBXProject section */

/* Begin PBXResourcesBuildPhase section */
		2A87A6E925731AC10082A897 /* Resources */ = {
			isa = PBXResourcesBuildPhase;
			buildActionMask = 2147483647;
			files = (
				2A87A6FB25731AC30082A897 /* LaunchScreen.storyboard in Resources */,
				2A87A6F825731AC30082A897 /* Assets.xcassets in Resources */,
				2A87A6F625731AC10082A897 /* Main.storyboard in Resources */,
			);
			runOnlyForDeploymentPostprocessing = 0;
		};
/* End PBXResourcesBuildPhase section */

/* Begin PBXSourcesBuildPhase section */
		2A87A6E725731AC10082A897 /* Sources */ = {
			isa = PBXSourcesBuildPhase;
			buildActionMask = 2147483647;
			files = (
				2A87A6EF25731AC10082A897 /* AppDelegate.swift in Sources */,
				2A87A6F125731AC10082A897 /* SceneDelegate.swift in Sources */,
				2A87A7102573253F0082A897 /* AccountsViewController.swift in Sources */,
				2A87A709257324270082A897 /* TweetViewController.swift in Sources */,
				2A87A7142573254F0082A897 /* FeedViewController.swift in Sources */,
				2A87A70D257324760082A897 /* ComposeViewController.swift in Sources */,
			);
			runOnlyForDeploymentPostprocessing = 0;
		};
/* End PBXSourcesBuildPhase section */

/* Begin PBXVariantGroup section */
		2A87A6F425731AC10082A897 /* Main.storyboard */ = {
			isa = PBXVariantGroup;
			children = (
				2A87A6F525731AC10082A897 /* Base */,
			);
			name = Main.storyboard;
			sourceTree = "<group>";
		};
		2A87A6F925731AC30082A897 /* LaunchScreen.storyboard */ = {
			isa = PBXVariantGroup;
			children = (
				2A87A6FA25731AC30082A897 /* Base */,
			);
			name = LaunchScreen.storyboard;
			sourceTree = "<group>";
		};
/* End PBXVariantGroup section */

/* Begin XCBuildConfiguration section */
		2A87A6FD25731AC30082A897 /* Debug */ = {
			isa = XCBuildConfiguration;
			buildSettings = {
				ALWAYS_SEARCH_USER_PATHS = NO;
				CLANG_ANALYZER_NONNULL = YES;
				CLANG_ANALYZER_NUMBER_OBJECT_CONVERSION = YES_AGGRESSIVE;
				CLANG_CXX_LANGUAGE_STANDARD = "gnu++14";
				CLANG_CXX_LIBRARY = "libc++";
				CLANG_ENABLE_MODULES = YES;
				CLANG_ENABLE_OBJC_ARC = YES;
				CLANG_ENABLE_OBJC_WEAK = YES;
				CLANG_WARN_BLOCK_CAPTURE_AUTORELEASING = YES;
				CLANG_WARN_BOOL_CONVERSION = YES;
				CLANG_WARN_COMMA = YES;
				CLANG_WARN_CONSTANT_CONVERSION = YES;
				CLANG_WARN_DEPRECATED_OBJC_IMPLEMENTATIONS = YES;
				CLANG_WARN_DIRECT_OBJC_ISA_USAGE = YES_ERROR;
				CLANG_WARN_DOCUMENTATION_COMMENTS = YES;
				CLANG_WARN_EMPTY_BODY = YES;
				CLANG_WARN_ENUM_CONVERSION = YES;
				CLANG_WARN_INFINITE_RECURSION = YES;
				CLANG_WARN_INT_CONVERSION = YES;
				CLANG_WARN_NON_LITERAL_NULL_CONVERSION = YES;
				CLANG_WARN_OBJC_IMPLICIT_RETAIN_SELF = YES;
				CLANG_WARN_OBJC_LITERAL_CONVERSION = YES;
				CLANG_WARN_OBJC_ROOT_CLASS = YES_ERROR;
				CLANG_WARN_QUOTED_INCLUDE_IN_FRAMEWORK_HEADER = YES;
				CLANG_WARN_RANGE_LOOP_ANALYSIS = YES;
				CLANG_WARN_STRICT_PROTOTYPES = YES;
				CLANG_WARN_SUSPICIOUS_MOVE = YES;
				CLANG_WARN_UNGUARDED_AVAILABILITY = YES_AGGRESSIVE;
				CLANG_WARN_UNREACHABLE_CODE = YES;
				CLANG_WARN__DUPLICATE_METHOD_MATCH = YES;
				COPY_PHASE_STRIP = NO;
				DEBUG_INFORMATION_FORMAT = dwarf;
				ENABLE_STRICT_OBJC_MSGSEND = YES;
				ENABLE_TESTABILITY = YES;
				GCC_C_LANGUAGE_STANDARD = gnu11;
				GCC_DYNAMIC_NO_PIC = NO;
				GCC_NO_COMMON_BLOCKS = YES;
				GCC_OPTIMIZATION_LEVEL = 0;
				GCC_PREPROCESSOR_DEFINITIONS = (
					"DEBUG=1",
					"$(inherited)",
				);
				GCC_WARN_64_TO_32_BIT_CONVERSION = YES;
				GCC_WARN_ABOUT_RETURN_TYPE = YES_ERROR;
				GCC_WARN_UNDECLARED_SELECTOR = YES;
				GCC_WARN_UNINITIALIZED_AUTOS = YES_AGGRESSIVE;
				GCC_WARN_UNUSED_FUNCTION = YES;
				GCC_WARN_UNUSED_VARIABLE = YES;
				IPHONEOS_DEPLOYMENT_TARGET = 14.2;
				MTL_ENABLE_DEBUG_INFO = INCLUDE_SOURCE;
				MTL_FAST_MATH = YES;
				ONLY_ACTIVE_ARCH = YES;
				SDKROOT = iphoneos;
				SWIFT_ACTIVE_COMPILATION_CONDITIONS = DEBUG;
				SWIFT_OPTIMIZATION_LEVEL = "-Onone";
			};
			name = Debug;
		};
		2A87A6FE25731AC30082A897 /* Release */ = {
			isa = XCBuildConfiguration;
			buildSettings = {
				ALWAYS_SEARCH_USER_PATHS = NO;
				CLANG_ANALYZER_NONNULL = YES;
				CLANG_ANALYZER_NUMBER_OBJECT_CONVERSION = YES_AGGRESSIVE;
				CLANG_CXX_LANGUAGE_STANDARD = "gnu++14";
				CLANG_CXX_LIBRARY = "libc++";
				CLANG_ENABLE_MODULES = YES;
				CLANG_ENABLE_OBJC_ARC = YES;
				CLANG_ENABLE_OBJC_WEAK = YES;
				CLANG_WARN_BLOCK_CAPTURE_AUTORELEASING = YES;
				CLANG_WARN_BOOL_CONVERSION = YES;
				CLANG_WARN_COMMA = YES;
				CLANG_WARN_CONSTANT_CONVERSION = YES;
				CLANG_WARN_DEPRECATED_OBJC_IMPLEMENTATIONS = YES;
				CLANG_WARN_DIRECT_OBJC_ISA_USAGE = YES_ERROR;
				CLANG_WARN_DOCUMENTATION_COMMENTS = YES;
				CLANG_WARN_EMPTY_BODY = YES;
				CLANG_WARN_ENUM_CONVERSION = YES;
				CLANG_WARN_INFINITE_RECURSION = YES;
				CLANG_WARN_INT_CONVERSION = YES;
				CLANG_WARN_NON_LITERAL_NULL_CONVERSION = YES;
				CLANG_WARN_OBJC_IMPLICIT_RETAIN_SELF = YES;
				CLANG_WARN_OBJC_LITERAL_CONVERSION = YES;
				CLANG_WARN_OBJC_ROOT_CLASS = YES_ERROR;
				CLANG_WARN_QUOTED_INCLUDE_IN_FRAMEWORK_HEADER = YES;
				CLANG_WARN_RANGE_LOOP_ANALYSIS = YES;
				CLANG_WARN_STRICT_PROTOTYPES = YES;
				CLANG_WARN_SUSPICIOUS_MOVE = YES;
				CLANG_WARN_UNGUARDED_AVAILABILITY = YES_AGGRESSIVE;
				CLANG_WARN_UNREACHABLE_CODE = YES;
				CLANG_WARN__DUPLICATE_METHOD_MATCH = YES;
				COPY_PHASE_STRIP = NO;
				DEBUG_INFORMATION_FORMAT = "dwarf-with-dsym";
				ENABLE_NS_ASSERTIONS = NO;
				ENABLE_STRICT_OBJC_MSGSEND = YES;
				GCC_C_LANGUAGE_STANDARD = gnu11;
				GCC_NO_COMMON_BLOCKS = YES;
				GCC_WARN_64_TO_32_BIT_CONVERSION = YES;
				GCC_WARN_ABOUT_RETURN_TYPE = YES_ERROR;
				GCC_WARN_UNDECLARED_SELECTOR = YES;
				GCC_WARN_UNINITIALIZED_AUTOS = YES_AGGRESSIVE;
				GCC_WARN_UNUSED_FUNCTION = YES;
				GCC_WARN_UNUSED_VARIABLE = YES;
				IPHONEOS_DEPLOYMENT_TARGET = 14.2;
				MTL_ENABLE_DEBUG_INFO = NO;
				MTL_FAST_MATH = YES;
				SDKROOT = iphoneos;
				SWIFT_COMPILATION_MODE = wholemodule;
				SWIFT_OPTIMIZATION_LEVEL = "-O";
				VALIDATE_PRODUCT = YES;
			};
			name = Release;
		};
		2A87A70025731AC30082A897 /* Debug */ = {
			isa = XCBuildConfiguration;
			buildSettings = {
				ASSETCATALOG_COMPILER_APPICON_NAME = AppIcon;
				ASSETCATALOG_COMPILER_GLOBAL_ACCENT_COLOR_NAME = AccentColor;
				CODE_SIGN_STYLE = Automatic;
				DEVELOPMENT_TEAM = SXY5F8F32W;
				INFOPLIST_FILE = SocialApp/Info.plist;
				LD_RUNPATH_SEARCH_PATHS = (
					"$(inherited)",
					"@executable_path/Frameworks",
				);
				PRODUCT_BUNDLE_IDENTIFIER = com.burstein.SocialApp;
				PRODUCT_NAME = "$(TARGET_NAME)";
				SWIFT_VERSION = 5.0;
				TARGETED_DEVICE_FAMILY = 2;
			};
			name = Debug;
		};
		2A87A70125731AC30082A897 /* Release */ = {
			isa = XCBuildConfiguration;
			buildSettings = {
				ASSETCATALOG_COMPILER_APPICON_NAME = AppIcon;
				ASSETCATALOG_COMPILER_GLOBAL_ACCENT_COLOR_NAME = AccentColor;
				CODE_SIGN_STYLE = Automatic;
				DEVELOPMENT_TEAM = SXY5F8F32W;
				INFOPLIST_FILE = SocialApp/Info.plist;
				LD_RUNPATH_SEARCH_PATHS = (
					"$(inherited)",
					"@executable_path/Frameworks",
				);
				PRODUCT_BUNDLE_IDENTIFIER = com.burstein.SocialApp;
				PRODUCT_NAME = "$(TARGET_NAME)";
				SWIFT_VERSION = 5.0;
				TARGETED_DEVICE_FAMILY = 2;
			};
			name = Release;
		};
/* End XCBuildConfiguration section */

/* Begin XCConfigurationList section */
		2A87A6E625731AC10082A897 /* Build configuration list for PBXProject "SocialApp" */ = {
			isa = XCConfigurationList;
			buildConfigurations = (
				2A87A6FD25731AC30082A897 /* Debug */,
				2A87A6FE25731AC30082A897 /* Release */,
			);
			defaultConfigurationIsVisible = 0;
			defaultConfigurationName = Release;
		};
		2A87A6FF25731AC30082A897 /* Build configuration list for PBXNativeTarget "SocialApp" */ = {
			isa = XCConfigurationList;
			buildConfigurations = (
				2A87A70025731AC30082A897 /* Debug */,
				2A87A70125731AC30082A897 /* Release */,
			);
			defaultConfigurationIsVisible = 0;
			defaultConfigurationName = Release;
		};
/* End XCConfigurationList section */
	};
	rootObject = 2A87A6E325731AC10082A897 /* Project object */;
}
